
Microsoft Visual Studio Solution File, Format Version 11.00
# Visual Studio 2010
Project("{FAE04EC0-301F-11D3-BF4B-00C04F79EFBC}") = "GeekBook.Modèle.Specs", "GeekBook.Domaine.Specs\GeekBook.Modèle.Specs.csproj", "{70E07C5D-B690-4012-88A3-D511892C1FE3}"
EndProject
Project("{FAE04EC0-301F-11D3-BF4B-00C04F79EFBC}") = "GeekBook.Modèle", "GeekBook.Modèle\GeekBook.Modèle.csproj", "{ECED78E4-1F76-4ED8-8685-726B861ACD27}"
EndProject
Project("{FAE04EC0-301F-11D3-BF4B-00C04F79EFBC}") = "GeekBook.Modèle.Tests", "GeekBook.Modèle.Tests\GeekBook.Modèle.Tests.csproj", "{2A894336-B509-4A2F-A1D9-DA96E62ED2EF}"
EndProject
Project("{FAE04EC0-301F-11D3-BF4B-00C04F79EFBC}") = "GeekBook.EntrepôtsHibernate", "GeekBook.EntrepôtsHibernate\GeekBook.EntrepôtsHibernate.csproj", "{55664428-0576-403F-811D-A7F7028CCF50}"
EndProject
Project("{FAE04EC0-301F-11D3-BF4B-00C04F79EFBC}") = "GeekBook.EntrepôtsHibernateTest", "GeekBook.EntrepôtsHibernateTest\GeekBook.EntrepôtsHibernateTest.csproj", "{565A7A79-E89A-424B-BF4D-503235A5650B}"
EndProject
Project("{FAE04EC0-301F-11D3-BF4B-00C04F79EFBC}") = "GeekBook.Web.Contrôleurs", "GeekBook.Web.Contrôleurs\GeekBook.Web.Contrôleurs.csproj", "{64B562EB-6E5E-4CD5-A108-593EC9574AE4}"
EndProject
Project("{2150E333-8FDC-42A3-9474-1A3956D46DE8}") = "Modèle", "Modèle", "{30043D86-C2E0-4785-AE1F-811858905DEA}"
EndProject
Project("{2150E333-8FDC-42A3-9474-1A3956D46DE8}") = "Entrepôts", "Entrepôts", "{E507B724-51AD-4E27-9760-DE979BD3A2D6}"
EndProject
Project("{2150E333-8FDC-42A3-9474-1A3956D46DE8}") = "Web", "Web", "{56169122-E24E-4281-BB0C-DF704724010C}"
EndProject
Project("{FAE04EC0-301F-11D3-BF4B-00C04F79EFBC}") = "GeekBook.Web.Contrôleurs.Tests", "GeekBook.Web.Contrôleurs.Tests\GeekBook.Web.Contrôleurs.Tests.csproj", "{18E40D29-9597-4762-A586-AD358067C6A0}"
EndProject
Project("{FAE04EC0-301F-11D3-BF4B-00C04F79EFBC}") = "GeekBook.Web", "GeekBook.Web\GeekBook.Web.csproj", "{24C356BD-85A3-45F5-ACFC-199E20EC195F}"
EndProject
Global
	GlobalSection(SolutionConfigurationPlatforms) = preSolution
		Debug|Any CPU = Debug|Any CPU
		Debug|x86 = Debug|x86
		Release|Any CPU = Release|Any CPU
		Release|x86 = Release|x86
	EndGlobalSection
	GlobalSection(ProjectConfigurationPlatforms) = postSolution
		{70E07C5D-B690-4012-88A3-D511892C1FE3}.Debug|Any CPU.ActiveCfg = Debug|Any CPU
		{70E07C5D-B690-4012-88A3-D511892C1FE3}.Debug|Any CPU.Build.0 = Debug|Any CPU
		{70E07C5D-B690-4012-88A3-D511892C1FE3}.Debug|x86.ActiveCfg = Debug|x86
		{70E07C5D-B690-4012-88A3-D511892C1FE3}.Debug|x86.Build.0 = Debug|x86
		{70E07C5D-B690-4012-88A3-D511892C1FE3}.Release|Any CPU.ActiveCfg = Release|Any CPU
		{70E07C5D-B690-4012-88A3-D511892C1FE3}.Release|Any CPU.Build.0 = Release|Any CPU
		{70E07C5D-B690-4012-88A3-D511892C1FE3}.Release|x86.ActiveCfg = Release|x86
		{70E07C5D-B690-4012-88A3-D511892C1FE3}.Release|x86.Build.0 = Release|x86
		{ECED78E4-1F76-4ED8-8685-726B861ACD27}.Debug|Any CPU.ActiveCfg = Debug|Any CPU
		{ECED78E4-1F76-4ED8-8685-726B861ACD27}.Debug|Any CPU.Build.0 = Debug|Any CPU
		{ECED78E4-1F76-4ED8-8685-726B861ACD27}.Debug|x86.ActiveCfg = Debug|x86
		{ECED78E4-1F76-4ED8-8685-726B861ACD27}.Debug|x86.Build.0 = Debug|x86
		{ECED78E4-1F76-4ED8-8685-726B861ACD27}.Release|Any CPU.ActiveCfg = Release|Any CPU
		{ECED78E4-1F76-4ED8-8685-726B861ACD27}.Release|Any CPU.Build.0 = Release|Any CPU
		{ECED78E4-1F76-4ED8-8685-726B861ACD27}.Release|x86.ActiveCfg = Release|x86
		{ECED78E4-1F76-4ED8-8685-726B861ACD27}.Release|x86.Build.0 = Release|x86
		{2A894336-B509-4A2F-A1D9-DA96E62ED2EF}.Debug|Any CPU.ActiveCfg = Debug|Any CPU
		{2A894336-B509-4A2F-A1D9-DA96E62ED2EF}.Debug|Any CPU.Build.0 = Debug|Any CPU
		{2A894336-B509-4A2F-A1D9-DA96E62ED2EF}.Debug|x86.ActiveCfg = Debug|x86
		{2A894336-B509-4A2F-A1D9-DA96E62ED2EF}.Debug|x86.Build.0 = Debug|x86
		{2A894336-B509-4A2F-A1D9-DA96E62ED2EF}.Release|Any CPU.ActiveCfg = Release|Any CPU
		{2A894336-B509-4A2F-A1D9-DA96E62ED2EF}.Release|Any CPU.Build.0 = Release|Any CPU
		{2A894336-B509-4A2F-A1D9-DA96E62ED2EF}.Release|x86.ActiveCfg = Release|x86
		{2A894336-B509-4A2F-A1D9-DA96E62ED2EF}.Release|x86.Build.0 = Release|x86
		{55664428-0576-403F-811D-A7F7028CCF50}.Debug|Any CPU.ActiveCfg = Debug|Any CPU
		{55664428-0576-403F-811D-A7F7028CCF50}.Debug|Any CPU.Build.0 = Debug|Any CPU
		{55664428-0576-403F-811D-A7F7028CCF50}.Debug|x86.ActiveCfg = Debug|x86
		{55664428-0576-403F-811D-A7F7028CCF50}.Debug|x86.Build.0 = Debug|x86
		{55664428-0576-403F-811D-A7F7028CCF50}.Release|Any CPU.ActiveCfg = Release|Any CPU
		{55664428-0576-403F-811D-A7F7028CCF50}.Release|Any CPU.Build.0 = Release|Any CPU
		{55664428-0576-403F-811D-A7F7028CCF50}.Release|x86.ActiveCfg = Release|x86
		{55664428-0576-403F-811D-A7F7028CCF50}.Release|x86.Build.0 = Release|x86
		{565A7A79-E89A-424B-BF4D-503235A5650B}.Debug|Any CPU.ActiveCfg = Debug|Any CPU
		{565A7A79-E89A-424B-BF4D-503235A5650B}.Debug|Any CPU.Build.0 = Debug|Any CPU
		{565A7A79-E89A-424B-BF4D-503235A5650B}.Debug|x86.ActiveCfg = Debug|x86
		{565A7A79-E89A-424B-BF4D-503235A5650B}.Debug|x86.Build.0 = Debug|x86
		{565A7A79-E89A-424B-BF4D-503235A5650B}.Release|Any CPU.ActiveCfg = Release|Any CPU
		{565A7A79-E89A-424B-BF4D-503235A5650B}.Release|Any CPU.Build.0 = Release|Any CPU
		{565A7A79-E89A-424B-BF4D-503235A5650B}.Release|x86.ActiveCfg = Release|x86
		{565A7A79-E89A-424B-BF4D-503235A5650B}.Release|x86.Build.0 = Release|x86
		{64B562EB-6E5E-4CD5-A108-593EC9574AE4}.Debug|Any CPU.ActiveCfg = Debug|Any CPU
		{64B562EB-6E5E-4CD5-A108-593EC9574AE4}.Debug|Any CPU.Build.0 = Debug|Any CPU
		{64B562EB-6E5E-4CD5-A108-593EC9574AE4}.Debug|x86.ActiveCfg = Debug|Any CPU
		{64B562EB-6E5E-4CD5-A108-593EC9574AE4}.Release|Any CPU.ActiveCfg = Release|Any CPU
		{64B562EB-6E5E-4CD5-A108-593EC9574AE4}.Release|Any CPU.Build.0 = Release|Any CPU
		{64B562EB-6E5E-4CD5-A108-593EC9574AE4}.Release|x86.ActiveCfg = Release|Any CPU
		{18E40D29-9597-4762-A586-AD358067C6A0}.Debug|Any CPU.ActiveCfg = Debug|Any CPU
		{18E40D29-9597-4762-A586-AD358067C6A0}.Debug|Any CPU.Build.0 = Debug|Any CPU
		{18E40D29-9597-4762-A586-AD358067C6A0}.Debug|x86.ActiveCfg = Debug|Any CPU
		{18E40D29-9597-4762-A586-AD358067C6A0}.Release|Any CPU.ActiveCfg = Release|Any CPU
		{18E40D29-9597-4762-A586-AD358067C6A0}.Release|Any CPU.Build.0 = Release|Any CPU
		{18E40D29-9597-4762-A586-AD358067C6A0}.Release|x86.ActiveCfg = Release|Any CPU
		{24C356BD-85A3-45F5-ACFC-199E20EC195F}.Debug|Any CPU.ActiveCfg = Debug|Any CPU
		{24C356BD-85A3-45F5-ACFC-199E20EC195F}.Debug|Any CPU.Build.0 = Debug|Any CPU
		{24C356BD-85A3-45F5-ACFC-199E20EC195F}.Debug|x86.ActiveCfg = Debug|Any CPU
		{24C356BD-85A3-45F5-ACFC-199E20EC195F}.Release|Any CPU.ActiveCfg = Release|Any CPU
		{24C356BD-85A3-45F5-ACFC-199E20EC195F}.Release|Any CPU.Build.0 = Release|Any CPU
		{24C356BD-85A3-45F5-ACFC-199E20EC195F}.Release|x86.ActiveCfg = Release|Any CPU
	EndGlobalSection
	GlobalSection(SolutionProperties) = preSolution
		HideSolutionNode = FALSE
	EndGlobalSection
	GlobalSection(NestedProjects) = preSolution
		{ECED78E4-1F76-4ED8-8685-726B861ACD27} = {30043D86-C2E0-4785-AE1F-811858905DEA}
		{70E07C5D-B690-4012-88A3-D511892C1FE3} = {30043D86-C2E0-4785-AE1F-811858905DEA}
		{2A894336-B509-4A2F-A1D9-DA96E62ED2EF} = {30043D86-C2E0-4785-AE1F-811858905DEA}
		{55664428-0576-403F-811D-A7F7028CCF50} = {E507B724-51AD-4E27-9760-DE979BD3A2D6}
		{565A7A79-E89A-424B-BF4D-503235A5650B} = {E507B724-51AD-4E27-9760-DE979BD3A2D6}
		{64B562EB-6E5E-4CD5-A108-593EC9574AE4} = {56169122-E24E-4281-BB0C-DF704724010C}
		{18E40D29-9597-4762-A586-AD358067C6A0} = {56169122-E24E-4281-BB0C-DF704724010C}
		{24C356BD-85A3-45F5-ACFC-199E20EC195F} = {56169122-E24E-4281-BB0C-DF704724010C}
	EndGlobalSection
EndGlobal
