
Microsoft Visual Studio Solution File, Format Version 11.00
# Visual Studio 2010
Project("{FAE04EC0-301F-11D3-BF4B-00C04F79EFBC}") = "GeekBook.Modèle.Specs", "GeekBook.Domaine.Specs\GeekBook.Modèle.Specs.csproj", "{70E07C5D-B690-4012-88A3-D511892C1FE3}"
EndProject
Project("{FAE04EC0-301F-11D3-BF4B-00C04F79EFBC}") = "GeekBook.Modèle", "GeekBook.Modèle\GeekBook.Modèle.csproj", "{ECED78E4-1F76-4ED8-8685-726B861ACD27}"
EndProject
Project("{FAE04EC0-301F-11D3-BF4B-00C04F79EFBC}") = "GeekBook.Modèle.Tests", "GeekBook.Modèle.Tests\GeekBook.Modèle.Tests.csproj", "{2A894336-B509-4A2F-A1D9-DA96E62ED2EF}"
EndProject
Global
	GlobalSection(SolutionConfigurationPlatforms) = preSolution
		Debug|Any CPU = Debug|Any CPU
		Release|Any CPU = Release|Any CPU
	EndGlobalSection
	GlobalSection(ProjectConfigurationPlatforms) = postSolution
		{70E07C5D-B690-4012-88A3-D511892C1FE3}.Debug|Any CPU.ActiveCfg = Debug|Any CPU
		{70E07C5D-B690-4012-88A3-D511892C1FE3}.Debug|Any CPU.Build.0 = Debug|Any CPU
		{70E07C5D-B690-4012-88A3-D511892C1FE3}.Release|Any CPU.ActiveCfg = Release|Any CPU
		{70E07C5D-B690-4012-88A3-D511892C1FE3}.Release|Any CPU.Build.0 = Release|Any CPU
		{ECED78E4-1F76-4ED8-8685-726B861ACD27}.Debug|Any CPU.ActiveCfg = Debug|Any CPU
		{ECED78E4-1F76-4ED8-8685-726B861ACD27}.Debug|Any CPU.Build.0 = Debug|Any CPU
		{ECED78E4-1F76-4ED8-8685-726B861ACD27}.Release|Any CPU.ActiveCfg = Release|Any CPU
		{ECED78E4-1F76-4ED8-8685-726B861ACD27}.Release|Any CPU.Build.0 = Release|Any CPU
		{2A894336-B509-4A2F-A1D9-DA96E62ED2EF}.Debug|Any CPU.ActiveCfg = Debug|Any CPU
		{2A894336-B509-4A2F-A1D9-DA96E62ED2EF}.Debug|Any CPU.Build.0 = Debug|Any CPU
		{2A894336-B509-4A2F-A1D9-DA96E62ED2EF}.Release|Any CPU.ActiveCfg = Release|Any CPU
		{2A894336-B509-4A2F-A1D9-DA96E62ED2EF}.Release|Any CPU.Build.0 = Release|Any CPU
	EndGlobalSection
	GlobalSection(SolutionProperties) = preSolution
		HideSolutionNode = FALSE
	EndGlobalSection
EndGlobal
